
Microsoft Visual Studio Solution File, Format Version 12.00
# Visual Studio Version 16
VisualStudioVersion = 16.0.30523.141
MinimumVisualStudioVersion = 10.0.40219.1
Project("{9A19103F-16F7-4668-BE54-9A1E7A4F7556}") = "Shop.UI", "Shop.UI\Shop.UI.csproj", "{AB37A916-7A7E-4965-886E-B2AB319175D6}"
EndProject
Project("{9A19103F-16F7-4668-BE54-9A1E7A4F7556}") = "Shop.Domain", "Shop.Domain\Shop.Domain.csproj", "{AECE0F15-C9C0-43E9-ABB8-A779CAF3596B}"
EndProject
Project("{9A19103F-16F7-4668-BE54-9A1E7A4F7556}") = "Shop.Database", "Shop.Database\Shop.Database.csproj", "{EF49B762-FA0F-41C7-9877-250EF08C5A74}"
EndProject
Project("{9A19103F-16F7-4668-BE54-9A1E7A4F7556}") = "Shop.Application", "Shop.Application\Shop.Application.csproj", "{4B09049A-8FE4-4618-9D86-2B012EF944D7}"
EndProject
Global
	GlobalSection(SolutionConfigurationPlatforms) = preSolution
		Debug|Any CPU = Debug|Any CPU
		Release|Any CPU = Release|Any CPU
	EndGlobalSection
	GlobalSection(ProjectConfigurationPlatforms) = postSolution
		{AB37A916-7A7E-4965-886E-B2AB319175D6}.Debug|Any CPU.ActiveCfg = Debug|Any CPU
		{AB37A916-7A7E-4965-886E-B2AB319175D6}.Debug|Any CPU.Build.0 = Debug|Any CPU
		{AB37A916-7A7E-4965-886E-B2AB319175D6}.Release|Any CPU.ActiveCfg = Release|Any CPU
		{AB37A916-7A7E-4965-886E-B2AB319175D6}.Release|Any CPU.Build.0 = Release|Any CPU
		{AECE0F15-C9C0-43E9-ABB8-A779CAF3596B}.Debug|Any CPU.ActiveCfg = Debug|Any CPU
		{AECE0F15-C9C0-43E9-ABB8-A779CAF3596B}.Debug|Any CPU.Build.0 = Debug|Any CPU
		{AECE0F15-C9C0-43E9-ABB8-A779CAF3596B}.Release|Any CPU.ActiveCfg = Release|Any CPU
		{AECE0F15-C9C0-43E9-ABB8-A779CAF3596B}.Release|Any CPU.Build.0 = Release|Any CPU
		{EF49B762-FA0F-41C7-9877-250EF08C5A74}.Debug|Any CPU.ActiveCfg = Debug|Any CPU
		{EF49B762-FA0F-41C7-9877-250EF08C5A74}.Debug|Any CPU.Build.0 = Debug|Any CPU
		{EF49B762-FA0F-41C7-9877-250EF08C5A74}.Release|Any CPU.ActiveCfg = Release|Any CPU
		{EF49B762-FA0F-41C7-9877-250EF08C5A74}.Release|Any CPU.Build.0 = Release|Any CPU
		{4B09049A-8FE4-4618-9D86-2B012EF944D7}.Debug|Any CPU.ActiveCfg = Debug|Any CPU
		{4B09049A-8FE4-4618-9D86-2B012EF944D7}.Debug|Any CPU.Build.0 = Debug|Any CPU
		{4B09049A-8FE4-4618-9D86-2B012EF944D7}.Release|Any CPU.ActiveCfg = Release|Any CPU
		{4B09049A-8FE4-4618-9D86-2B012EF944D7}.Release|Any CPU.Build.0 = Release|Any CPU
	EndGlobalSection
	GlobalSection(SolutionProperties) = preSolution
		HideSolutionNode = FALSE
	EndGlobalSection
	GlobalSection(ExtensibilityGlobals) = postSolution
		SolutionGuid = {4FAAAF9B-6DBB-4002-B3DF-47D4A20D0B15}
	EndGlobalSection
EndGlobal
